
Microsoft Visual Studio Solution File, Format Version 12.00
# Visual Studio 2013
VisualStudioVersion = 12.0.21005.1
MinimumVisualStudioVersion = 10.0.40219.1
Project("{FAE04EC0-301F-11D3-BF4B-00C04F79EFBC}") = "Untitled Cool Game Server", "Untitled Cool Game Server\Untitled Cool Game Server.csproj", "{DE24047E-FFE7-4508-984E-F41A1CA3C076}"
EndProject
Project("{FAE04EC0-301F-11D3-BF4B-00C04F79EFBC}") = "Game Core", "Game Core\Game Core.csproj", "{84C0EA0D-72A0-4D9B-9020-9DCB1961C817}"
EndProject
Global
	GlobalSection(SolutionConfigurationPlatforms) = preSolution
		Debug|Any CPU = Debug|Any CPU
		Release|Any CPU = Release|Any CPU
	EndGlobalSection
	GlobalSection(ProjectConfigurationPlatforms) = postSolution
		{DE24047E-FFE7-4508-984E-F41A1CA3C076}.Debug|Any CPU.ActiveCfg = Debug|Any CPU
		{DE24047E-FFE7-4508-984E-F41A1CA3C076}.Debug|Any CPU.Build.0 = Debug|Any CPU
		{DE24047E-FFE7-4508-984E-F41A1CA3C076}.Release|Any CPU.ActiveCfg = Release|Any CPU
		{DE24047E-FFE7-4508-984E-F41A1CA3C076}.Release|Any CPU.Build.0 = Release|Any CPU
		{84C0EA0D-72A0-4D9B-9020-9DCB1961C817}.Debug|Any CPU.ActiveCfg = Debug|Any CPU
		{84C0EA0D-72A0-4D9B-9020-9DCB1961C817}.Debug|Any CPU.Build.0 = Debug|Any CPU
		{84C0EA0D-72A0-4D9B-9020-9DCB1961C817}.Release|Any CPU.ActiveCfg = Release|Any CPU
		{84C0EA0D-72A0-4D9B-9020-9DCB1961C817}.Release|Any CPU.Build.0 = Release|Any CPU
	EndGlobalSection
	GlobalSection(SolutionProperties) = preSolution
		HideSolutionNode = FALSE
	EndGlobalSection
EndGlobal
